// !$*UTF8*$!
{
	archiveVersion = 1;
	classes = {
	};
	objectVersion = 56;
	objects = {

/* Begin PBXBuildFile section */
		278214352BECA1FE00EE10E5 /* HappyBirthdayApp.swift in Sources */ = {isa = PBXBuildFile; fileRef = 278214342BECA1FE00EE10E5 /* HappyBirthdayApp.swift */; };
		278214372BECA1FE00EE10E5 /* ContentView.swift in Sources */ = {isa = PBXBuildFile; fileRef = 278214362BECA1FE00EE10E5 /* ContentView.swift */; };
		278214392BECA1FF00EE10E5 /* Assets.xcassets in Resources */ = {isa = PBXBuildFile; fileRef = 278214382BECA1FF00EE10E5 /* Assets.xcassets */; };
		2782143C2BECA1FF00EE10E5 /* Preview Assets.xcassets in Resources */ = {isa = PBXBuildFile; fileRef = 2782143B2BECA1FF00EE10E5 /* Preview Assets.xcassets */; };
		2782143E2BECA1FF00EE10E5 /* Persistence.swift in Sources */ = {isa = PBXBuildFile; fileRef = 2782143D2BECA1FF00EE10E5 /* Persistence.swift */; };
		278214412BECA1FF00EE10E5 /* HappyBirthday.xcdatamodeld in Sources */ = {isa = PBXBuildFile; fileRef = 2782143F2BECA1FF00EE10E5 /* HappyBirthday.xcdatamodeld */; };
		2782144C2BECA20000EE10E5 /* HappyBirthdayTests.swift in Sources */ = {isa = PBXBuildFile; fileRef = 2782144B2BECA20000EE10E5 /* HappyBirthdayTests.swift */; };
		278214562BECA20000EE10E5 /* HappyBirthdayUITests.swift in Sources */ = {isa = PBXBuildFile; fileRef = 278214552BECA20000EE10E5 /* HappyBirthdayUITests.swift */; };
		278214582BECA20000EE10E5 /* HappyBirthdayUITestsLaunchTests.swift in Sources */ = {isa = PBXBuildFile; fileRef = 278214572BECA20000EE10E5 /* HappyBirthdayUITestsLaunchTests.swift */; };
		278214692BECA3F000EE10E5 /* MainView.swift in Sources */ = {isa = PBXBuildFile; fileRef = 278214682BECA3F000EE10E5 /* MainView.swift */; };
		2782146B2BECA48E00EE10E5 /* LogoView.swift in Sources */ = {isa = PBXBuildFile; fileRef = 2782146A2BECA48E00EE10E5 /* LogoView.swift */; };
		2782146F2BECCB6E00EE10E5 /* EditBirthdayView.swift in Sources */ = {isa = PBXBuildFile; fileRef = 2782146E2BECCB6E00EE10E5 /* EditBirthdayView.swift */; };
/* End PBXBuildFile section */

/* Begin PBXContainerItemProxy section */
		278214482BECA20000EE10E5 /* PBXContainerItemProxy */ = {
			isa = PBXContainerItemProxy;
			containerPortal = 278214292BECA1FD00EE10E5 /* Project object */;
			proxyType = 1;
			remoteGlobalIDString = 278214302BECA1FE00EE10E5;
			remoteInfo = HappyBirthday;
		};
		278214522BECA20000EE10E5 /* PBXContainerItemProxy */ = {
			isa = PBXContainerItemProxy;
			containerPortal = 278214292BECA1FD00EE10E5 /* Project object */;
			proxyType = 1;
			remoteGlobalIDString = 278214302BECA1FE00EE10E5;
			remoteInfo = HappyBirthday;
		};
/* End PBXContainerItemProxy section */

/* Begin PBXFileReference section */
		278214312BECA1FE00EE10E5 /* HappyBirthday.app */ = {isa = PBXFileReference; explicitFileType = wrapper.application; includeInIndex = 0; path = HappyBirthday.app; sourceTree = BUILT_PRODUCTS_DIR; };
		278214342BECA1FE00EE10E5 /* HappyBirthdayApp.swift */ = {isa = PBXFileReference; lastKnownFileType = sourcecode.swift; path = HappyBirthdayApp.swift; sourceTree = "<group>"; };
		278214362BECA1FE00EE10E5 /* ContentView.swift */ = {isa = PBXFileReference; lastKnownFileType = sourcecode.swift; path = ContentView.swift; sourceTree = "<group>"; };
		278214382BECA1FF00EE10E5 /* Assets.xcassets */ = {isa = PBXFileReference; lastKnownFileType = folder.assetcatalog; path = Assets.xcassets; sourceTree = "<group>"; };
		2782143B2BECA1FF00EE10E5 /* Preview Assets.xcassets */ = {isa = PBXFileReference; lastKnownFileType = folder.assetcatalog; path = "Preview Assets.xcassets"; sourceTree = "<group>"; };
		2782143D2BECA1FF00EE10E5 /* Persistence.swift */ = {isa = PBXFileReference; lastKnownFileType = sourcecode.swift; path = Persistence.swift; sourceTree = "<group>"; };
		278214402BECA1FF00EE10E5 /* HappyBirthday.xcdatamodel */ = {isa = PBXFileReference; lastKnownFileType = wrapper.xcdatamodel; path = HappyBirthday.xcdatamodel; sourceTree = "<group>"; };
		278214422BECA1FF00EE10E5 /* Info.plist */ = {isa = PBXFileReference; lastKnownFileType = text.plist.xml; path = Info.plist; sourceTree = "<group>"; };
		278214472BECA20000EE10E5 /* HappyBirthdayTests.xctest */ = {isa = PBXFileReference; explicitFileType = wrapper.cfbundle; includeInIndex = 0; path = HappyBirthdayTests.xctest; sourceTree = BUILT_PRODUCTS_DIR; };
		2782144B2BECA20000EE10E5 /* HappyBirthdayTests.swift */ = {isa = PBXFileReference; lastKnownFileType = sourcecode.swift; path = HappyBirthdayTests.swift; sourceTree = "<group>"; };
		278214512BECA20000EE10E5 /* HappyBirthdayUITests.xctest */ = {isa = PBXFileReference; explicitFileType = wrapper.cfbundle; includeInIndex = 0; path = HappyBirthdayUITests.xctest; sourceTree = BUILT_PRODUCTS_DIR; };
		278214552BECA20000EE10E5 /* HappyBirthdayUITests.swift */ = {isa = PBXFileReference; lastKnownFileType = sourcecode.swift; path = HappyBirthdayUITests.swift; sourceTree = "<group>"; };
		278214572BECA20000EE10E5 /* HappyBirthdayUITestsLaunchTests.swift */ = {isa = PBXFileReference; lastKnownFileType = sourcecode.swift; path = HappyBirthdayUITestsLaunchTests.swift; sourceTree = "<group>"; };
		278214682BECA3F000EE10E5 /* MainView.swift */ = {isa = PBXFileReference; lastKnownFileType = sourcecode.swift; path = MainView.swift; sourceTree = "<group>"; };
		2782146A2BECA48E00EE10E5 /* LogoView.swift */ = {isa = PBXFileReference; lastKnownFileType = sourcecode.swift; path = LogoView.swift; sourceTree = "<group>"; };
		2782146E2BECCB6E00EE10E5 /* EditBirthdayView.swift */ = {isa = PBXFileReference; lastKnownFileType = sourcecode.swift; path = EditBirthdayView.swift; sourceTree = "<group>"; };
/* End PBXFileReference section */

/* Begin PBXFrameworksBuildPhase section */
		2782142E2BECA1FE00EE10E5 /* Frameworks */ = {
			isa = PBXFrameworksBuildPhase;
			buildActionMask = 2147483647;
			files = (
			);
			runOnlyForDeploymentPostprocessing = 0;
		};
		278214442BECA20000EE10E5 /* Frameworks */ = {
			isa = PBXFrameworksBuildPhase;
			buildActionMask = 2147483647;
			files = (
			);
			runOnlyForDeploymentPostprocessing = 0;
		};
		2782144E2BECA20000EE10E5 /* Frameworks */ = {
			isa = PBXFrameworksBuildPhase;
			buildActionMask = 2147483647;
			files = (
			);
			runOnlyForDeploymentPostprocessing = 0;
		};
/* End PBXFrameworksBuildPhase section */

/* Begin PBXGroup section */
		278214282BECA1FD00EE10E5 = {
			isa = PBXGroup;
			children = (
				278214332BECA1FE00EE10E5 /* HappyBirthday */,
				2782144A2BECA20000EE10E5 /* HappyBirthdayTests */,
				278214542BECA20000EE10E5 /* HappyBirthdayUITests */,
				278214322BECA1FE00EE10E5 /* Products */,
			);
			sourceTree = "<group>";
		};
		278214322BECA1FE00EE10E5 /* Products */ = {
			isa = PBXGroup;
			children = (
				278214312BECA1FE00EE10E5 /* HappyBirthday.app */,
				278214472BECA20000EE10E5 /* HappyBirthdayTests.xctest */,
				278214512BECA20000EE10E5 /* HappyBirthdayUITests.xctest */,
			);
			name = Products;
			sourceTree = "<group>";
		};
		278214332BECA1FE00EE10E5 /* HappyBirthday */ = {
			isa = PBXGroup;
			children = (
				278214342BECA1FE00EE10E5 /* HappyBirthdayApp.swift */,
				2782143D2BECA1FF00EE10E5 /* Persistence.swift */,
				278214652BECA2DD00EE10E5 /* Model */,
				278214662BECA2E600EE10E5 /* View */,
				278214672BECA2EE00EE10E5 /* ViewModel */,
				278214382BECA1FF00EE10E5 /* Assets.xcassets */,
				278214422BECA1FF00EE10E5 /* Info.plist */,
				2782143A2BECA1FF00EE10E5 /* Preview Content */,
			);
			path = HappyBirthday;
			sourceTree = "<group>";
		};
		2782143A2BECA1FF00EE10E5 /* Preview Content */ = {
			isa = PBXGroup;
			children = (
				2782143B2BECA1FF00EE10E5 /* Preview Assets.xcassets */,
			);
			path = "Preview Content";
			sourceTree = "<group>";
		};
		2782144A2BECA20000EE10E5 /* HappyBirthdayTests */ = {
			isa = PBXGroup;
			children = (
				2782144B2BECA20000EE10E5 /* HappyBirthdayTests.swift */,
			);
			path = HappyBirthdayTests;
			sourceTree = "<group>";
		};
		278214542BECA20000EE10E5 /* HappyBirthdayUITests */ = {
			isa = PBXGroup;
			children = (
				278214552BECA20000EE10E5 /* HappyBirthdayUITests.swift */,
				278214572BECA20000EE10E5 /* HappyBirthdayUITestsLaunchTests.swift */,
			);
			path = HappyBirthdayUITests;
			sourceTree = "<group>";
		};
		278214652BECA2DD00EE10E5 /* Model */ = {
			isa = PBXGroup;
			children = (
				2782143F2BECA1FF00EE10E5 /* HappyBirthday.xcdatamodeld */,
			);
			path = Model;
			sourceTree = "<group>";
		};
		278214662BECA2E600EE10E5 /* View */ = {
			isa = PBXGroup;
			children = (
				278214362BECA1FE00EE10E5 /* ContentView.swift */,
				278214682BECA3F000EE10E5 /* MainView.swift */,
				2782146A2BECA48E00EE10E5 /* LogoView.swift */,
				2782146E2BECCB6E00EE10E5 /* EditBirthdayView.swift */,
			);
			path = View;
			sourceTree = "<group>";
		};
		278214672BECA2EE00EE10E5 /* ViewModel */ = {
			isa = PBXGroup;
			children = (
			);
			path = ViewModel;
			sourceTree = "<group>";
		};
/* End PBXGroup section */

/* Begin PBXNativeTarget section */
		278214302BECA1FE00EE10E5 /* HappyBirthday */ = {
			isa = PBXNativeTarget;
			buildConfigurationList = 2782145B2BECA20000EE10E5 /* Build configuration list for PBXNativeTarget "HappyBirthday" */;
			buildPhases = (
				2782142D2BECA1FE00EE10E5 /* Sources */,
				2782142E2BECA1FE00EE10E5 /* Frameworks */,
				2782142F2BECA1FE00EE10E5 /* Resources */,
				278214642BECA2B900EE10E5 /* ShellScript */,
			);
			buildRules = (
			);
			dependencies = (
			);
			name = HappyBirthday;
			productName = HappyBirthday;
			productReference = 278214312BECA1FE00EE10E5 /* HappyBirthday.app */;
			productType = "com.apple.product-type.application";
		};
		278214462BECA20000EE10E5 /* HappyBirthdayTests */ = {
			isa = PBXNativeTarget;
			buildConfigurationList = 2782145E2BECA20000EE10E5 /* Build configuration list for PBXNativeTarget "HappyBirthdayTests" */;
			buildPhases = (
				278214432BECA20000EE10E5 /* Sources */,
				278214442BECA20000EE10E5 /* Frameworks */,
				278214452BECA20000EE10E5 /* Resources */,
			);
			buildRules = (
			);
			dependencies = (
				278214492BECA20000EE10E5 /* PBXTargetDependency */,
			);
			name = HappyBirthdayTests;
			productName = HappyBirthdayTests;
			productReference = 278214472BECA20000EE10E5 /* HappyBirthdayTests.xctest */;
			productType = "com.apple.product-type.bundle.unit-test";
		};
		278214502BECA20000EE10E5 /* HappyBirthdayUITests */ = {
			isa = PBXNativeTarget;
			buildConfigurationList = 278214612BECA20000EE10E5 /* Build configuration list for PBXNativeTarget "HappyBirthdayUITests" */;
			buildPhases = (
				2782144D2BECA20000EE10E5 /* Sources */,
				2782144E2BECA20000EE10E5 /* Frameworks */,
				2782144F2BECA20000EE10E5 /* Resources */,
			);
			buildRules = (
			);
			dependencies = (
				278214532BECA20000EE10E5 /* PBXTargetDependency */,
			);
			name = HappyBirthdayUITests;
			productName = HappyBirthdayUITests;
			productReference = 278214512BECA20000EE10E5 /* HappyBirthdayUITests.xctest */;
			productType = "com.apple.product-type.bundle.ui-testing";
		};
/* End PBXNativeTarget section */

/* Begin PBXProject section */
		278214292BECA1FD00EE10E5 /* Project object */ = {
			isa = PBXProject;
			attributes = {
				BuildIndependentTargetsInParallel = 1;
				LastSwiftUpdateCheck = 1410;
				LastUpgradeCheck = 1410;
				TargetAttributes = {
					278214302BECA1FE00EE10E5 = {
						CreatedOnToolsVersion = 14.1;
					};
					278214462BECA20000EE10E5 = {
						CreatedOnToolsVersion = 14.1;
						TestTargetID = 278214302BECA1FE00EE10E5;
					};
					278214502BECA20000EE10E5 = {
						CreatedOnToolsVersion = 14.1;
						TestTargetID = 278214302BECA1FE00EE10E5;
					};
				};
			};
			buildConfigurationList = 2782142C2BECA1FD00EE10E5 /* Build configuration list for PBXProject "HappyBirthday" */;
			compatibilityVersion = "Xcode 14.0";
			developmentRegion = en;
			hasScannedForEncodings = 0;
			knownRegions = (
				en,
				Base,
			);
			mainGroup = 278214282BECA1FD00EE10E5;
			productRefGroup = 278214322BECA1FE00EE10E5 /* Products */;
			projectDirPath = "";
			projectRoot = "";
			targets = (
				278214302BECA1FE00EE10E5 /* HappyBirthday */,
				278214462BECA20000EE10E5 /* HappyBirthdayTests */,
				278214502BECA20000EE10E5 /* HappyBirthdayUITests */,
			);
		};
/* End PBXProject section */

/* Begin PBXResourcesBuildPhase section */
		2782142F2BECA1FE00EE10E5 /* Resources */ = {
			isa = PBXResourcesBuildPhase;
			buildActionMask = 2147483647;
			files = (
				2782143C2BECA1FF00EE10E5 /* Preview Assets.xcassets in Resources */,
				278214392BECA1FF00EE10E5 /* Assets.xcassets in Resources */,
			);
			runOnlyForDeploymentPostprocessing = 0;
		};
		278214452BECA20000EE10E5 /* Resources */ = {
			isa = PBXResourcesBuildPhase;
			buildActionMask = 2147483647;
			files = (
			);
			runOnlyForDeploymentPostprocessing = 0;
		};
		2782144F2BECA20000EE10E5 /* Resources */ = {
			isa = PBXResourcesBuildPhase;
			buildActionMask = 2147483647;
			files = (
			);
			runOnlyForDeploymentPostprocessing = 0;
		};
/* End PBXResourcesBuildPhase section */

/* Begin PBXShellScriptBuildPhase section */
		278214642BECA2B900EE10E5 /* ShellScript */ = {
			isa = PBXShellScriptBuildPhase;
			alwaysOutOfDate = 1;
			buildActionMask = 2147483647;
			files = (
			);
			inputFileListPaths = (
			);
			inputPaths = (
			);
			outputFileListPaths = (
			);
			outputPaths = (
			);
			runOnlyForDeploymentPostprocessing = 0;
			shellPath = /bin/sh;
			shellScript = "if which swiftlint >/dev/null; then\n    swiftlint\nelse\n    echo \"warning: SwiftLint not installed, download from https://github.com/realm/SwiftLint\"\nfi\n";
		};
/* End PBXShellScriptBuildPhase section */

/* Begin PBXSourcesBuildPhase section */
		2782142D2BECA1FE00EE10E5 /* Sources */ = {
			isa = PBXSourcesBuildPhase;
			buildActionMask = 2147483647;
			files = (
				2782143E2BECA1FF00EE10E5 /* Persistence.swift in Sources */,
				2782146F2BECCB6E00EE10E5 /* EditBirthdayView.swift in Sources */,
				2782146B2BECA48E00EE10E5 /* LogoView.swift in Sources */,
				278214372BECA1FE00EE10E5 /* ContentView.swift in Sources */,
				278214352BECA1FE00EE10E5 /* HappyBirthdayApp.swift in Sources */,
				278214692BECA3F000EE10E5 /* MainView.swift in Sources */,
				278214412BECA1FF00EE10E5 /* HappyBirthday.xcdatamodeld in Sources */,
			);
			runOnlyForDeploymentPostprocessing = 0;
		};
		278214432BECA20000EE10E5 /* Sources */ = {
			isa = PBXSourcesBuildPhase;
			buildActionMask = 2147483647;
			files = (
				2782144C2BECA20000EE10E5 /* HappyBirthdayTests.swift in Sources */,
			);
			runOnlyForDeploymentPostprocessing = 0;
		};
		2782144D2BECA20000EE10E5 /* Sources */ = {
			isa = PBXSourcesBuildPhase;
			buildActionMask = 2147483647;
			files = (
				278214582BECA20000EE10E5 /* HappyBirthdayUITestsLaunchTests.swift in Sources */,
				278214562BECA20000EE10E5 /* HappyBirthdayUITests.swift in Sources */,
			);
			runOnlyForDeploymentPostprocessing = 0;
		};
/* End PBXSourcesBuildPhase section */

/* Begin PBXTargetDependency section */
		278214492BECA20000EE10E5 /* PBXTargetDependency */ = {
			isa = PBXTargetDependency;
			target = 278214302BECA1FE00EE10E5 /* HappyBirthday */;
			targetProxy = 278214482BECA20000EE10E5 /* PBXContainerItemProxy */;
		};
		278214532BECA20000EE10E5 /* PBXTargetDependency */ = {
			isa = PBXTargetDependency;
			target = 278214302BECA1FE00EE10E5 /* HappyBirthday */;
			targetProxy = 278214522BECA20000EE10E5 /* PBXContainerItemProxy */;
		};
/* End PBXTargetDependency section */

/* Begin XCBuildConfiguration section */
		278214592BECA20000EE10E5 /* Debug */ = {
			isa = XCBuildConfiguration;
			buildSettings = {
				ALWAYS_SEARCH_USER_PATHS = NO;
				CLANG_ANALYZER_NONNULL = YES;
				CLANG_ANALYZER_NUMBER_OBJECT_CONVERSION = YES_AGGRESSIVE;
				CLANG_CXX_LANGUAGE_STANDARD = "gnu++20";
				CLANG_ENABLE_MODULES = YES;
				CLANG_ENABLE_OBJC_ARC = YES;
				CLANG_ENABLE_OBJC_WEAK = YES;
				CLANG_WARN_BLOCK_CAPTURE_AUTORELEASING = YES;
				CLANG_WARN_BOOL_CONVERSION = YES;
				CLANG_WARN_COMMA = YES;
				CLANG_WARN_CONSTANT_CONVERSION = YES;
				CLANG_WARN_DEPRECATED_OBJC_IMPLEMENTATIONS = YES;
				CLANG_WARN_DIRECT_OBJC_ISA_USAGE = YES_ERROR;
				CLANG_WARN_DOCUMENTATION_COMMENTS = YES;
				CLANG_WARN_EMPTY_BODY = YES;
				CLANG_WARN_ENUM_CONVERSION = YES;
				CLANG_WARN_INFINITE_RECURSION = YES;
				CLANG_WARN_INT_CONVERSION = YES;
				CLANG_WARN_NON_LITERAL_NULL_CONVERSION = YES;
				CLANG_WARN_OBJC_IMPLICIT_RETAIN_SELF = YES;
				CLANG_WARN_OBJC_LITERAL_CONVERSION = YES;
				CLANG_WARN_OBJC_ROOT_CLASS = YES_ERROR;
				CLANG_WARN_QUOTED_INCLUDE_IN_FRAMEWORK_HEADER = YES;
				CLANG_WARN_RANGE_LOOP_ANALYSIS = YES;
				CLANG_WARN_STRICT_PROTOTYPES = YES;
				CLANG_WARN_SUSPICIOUS_MOVE = YES;
				CLANG_WARN_UNGUARDED_AVAILABILITY = YES_AGGRESSIVE;
				CLANG_WARN_UNREACHABLE_CODE = YES;
				CLANG_WARN__DUPLICATE_METHOD_MATCH = YES;
				COPY_PHASE_STRIP = NO;
				DEBUG_INFORMATION_FORMAT = dwarf;
				ENABLE_STRICT_OBJC_MSGSEND = YES;
				ENABLE_TESTABILITY = YES;
				GCC_C_LANGUAGE_STANDARD = gnu11;
				GCC_DYNAMIC_NO_PIC = NO;
				GCC_NO_COMMON_BLOCKS = YES;
				GCC_OPTIMIZATION_LEVEL = 0;
				GCC_PREPROCESSOR_DEFINITIONS = (
					"DEBUG=1",
					"$(inherited)",
				);
				GCC_WARN_64_TO_32_BIT_CONVERSION = YES;
				GCC_WARN_ABOUT_RETURN_TYPE = YES_ERROR;
				GCC_WARN_UNDECLARED_SELECTOR = YES;
				GCC_WARN_UNINITIALIZED_AUTOS = YES_AGGRESSIVE;
				GCC_WARN_UNUSED_FUNCTION = YES;
				GCC_WARN_UNUSED_VARIABLE = YES;
				IPHONEOS_DEPLOYMENT_TARGET = 16.1;
				MTL_ENABLE_DEBUG_INFO = INCLUDE_SOURCE;
				MTL_FAST_MATH = YES;
				ONLY_ACTIVE_ARCH = YES;
				SDKROOT = iphoneos;
				SWIFT_ACTIVE_COMPILATION_CONDITIONS = DEBUG;
				SWIFT_OPTIMIZATION_LEVEL = "-Onone";
			};
			name = Debug;
		};
		2782145A2BECA20000EE10E5 /* Release */ = {
			isa = XCBuildConfiguration;
			buildSettings = {
				ALWAYS_SEARCH_USER_PATHS = NO;
				CLANG_ANALYZER_NONNULL = YES;
				CLANG_ANALYZER_NUMBER_OBJECT_CONVERSION = YES_AGGRESSIVE;
				CLANG_CXX_LANGUAGE_STANDARD = "gnu++20";
				CLANG_ENABLE_MODULES = YES;
				CLANG_ENABLE_OBJC_ARC = YES;
				CLANG_ENABLE_OBJC_WEAK = YES;
				CLANG_WARN_BLOCK_CAPTURE_AUTORELEASING = YES;
				CLANG_WARN_BOOL_CONVERSION = YES;
				CLANG_WARN_COMMA = YES;
				CLANG_WARN_CONSTANT_CONVERSION = YES;
				CLANG_WARN_DEPRECATED_OBJC_IMPLEMENTATIONS = YES;
				CLANG_WARN_DIRECT_OBJC_ISA_USAGE = YES_ERROR;
				CLANG_WARN_DOCUMENTATION_COMMENTS = YES;
				CLANG_WARN_EMPTY_BODY = YES;
				CLANG_WARN_ENUM_CONVERSION = YES;
				CLANG_WARN_INFINITE_RECURSION = YES;
				CLANG_WARN_INT_CONVERSION = YES;
				CLANG_WARN_NON_LITERAL_NULL_CONVERSION = YES;
				CLANG_WARN_OBJC_IMPLICIT_RETAIN_SELF = YES;
				CLANG_WARN_OBJC_LITERAL_CONVERSION = YES;
				CLANG_WARN_OBJC_ROOT_CLASS = YES_ERROR;
				CLANG_WARN_QUOTED_INCLUDE_IN_FRAMEWORK_HEADER = YES;
				CLANG_WARN_RANGE_LOOP_ANALYSIS = YES;
				CLANG_WARN_STRICT_PROTOTYPES = YES;
				CLANG_WARN_SUSPICIOUS_MOVE = YES;
				CLANG_WARN_UNGUARDED_AVAILABILITY = YES_AGGRESSIVE;
				CLANG_WARN_UNREACHABLE_CODE = YES;
				CLANG_WARN__DUPLICATE_METHOD_MATCH = YES;
				COPY_PHASE_STRIP = NO;
				DEBUG_INFORMATION_FORMAT = "dwarf-with-dsym";
				ENABLE_NS_ASSERTIONS = NO;
				ENABLE_STRICT_OBJC_MSGSEND = YES;
				GCC_C_LANGUAGE_STANDARD = gnu11;
				GCC_NO_COMMON_BLOCKS = YES;
				GCC_WARN_64_TO_32_BIT_CONVERSION = YES;
				GCC_WARN_ABOUT_RETURN_TYPE = YES_ERROR;
				GCC_WARN_UNDECLARED_SELECTOR = YES;
				GCC_WARN_UNINITIALIZED_AUTOS = YES_AGGRESSIVE;
				GCC_WARN_UNUSED_FUNCTION = YES;
				GCC_WARN_UNUSED_VARIABLE = YES;
				IPHONEOS_DEPLOYMENT_TARGET = 16.1;
				MTL_ENABLE_DEBUG_INFO = NO;
				MTL_FAST_MATH = YES;
				SDKROOT = iphoneos;
				SWIFT_COMPILATION_MODE = wholemodule;
				SWIFT_OPTIMIZATION_LEVEL = "-O";
				VALIDATE_PRODUCT = YES;
			};
			name = Release;
		};
		2782145C2BECA20000EE10E5 /* Debug */ = {
			isa = XCBuildConfiguration;
			buildSettings = {
				ASSETCATALOG_COMPILER_APPICON_NAME = AppIcon;
				ASSETCATALOG_COMPILER_GLOBAL_ACCENT_COLOR_NAME = AccentColor;
				CODE_SIGN_STYLE = Automatic;
				CURRENT_PROJECT_VERSION = 1;
				DEVELOPMENT_ASSET_PATHS = "\"HappyBirthday/Preview Content\"";
				DEVELOPMENT_TEAM = DCAZQ9Q5D9;
				ENABLE_PREVIEWS = YES;
				GENERATE_INFOPLIST_FILE = YES;
				INFOPLIST_KEY_LSApplicationCategoryType = "public.app-category.lifestyle";
				INFOPLIST_KEY_UIApplicationSceneManifest_Generation = YES;
				INFOPLIST_KEY_UIApplicationSupportsIndirectInputEvents = YES;
				INFOPLIST_KEY_UILaunchScreen_Generation = YES;
				INFOPLIST_KEY_UISupportedInterfaceOrientations_iPad = "UIInterfaceOrientationPortrait UIInterfaceOrientationPortraitUpsideDown UIInterfaceOrientationLandscapeLeft UIInterfaceOrientationLandscapeRight";
				INFOPLIST_KEY_UISupportedInterfaceOrientations_iPhone = "UIInterfaceOrientationPortrait UIInterfaceOrientationLandscapeLeft UIInterfaceOrientationLandscapeRight";
				LD_RUNPATH_SEARCH_PATHS = (
					"$(inherited)",
					"@executable_path/Frameworks",
				);
				MARKETING_VERSION = 1.0;
				PRODUCT_BUNDLE_IDENTIFIER = dev.terrisson.happybirthday.HappyBirthday;
				PRODUCT_NAME = "$(TARGET_NAME)";
				SWIFT_EMIT_LOC_STRINGS = YES;
				SWIFT_VERSION = 5.0;
				TARGETED_DEVICE_FAMILY = "1,2";
			};
			name = Debug;
		};
		2782145D2BECA20000EE10E5 /* Release */ = {
			isa = XCBuildConfiguration;
			buildSettings = {
				ASSETCATALOG_COMPILER_APPICON_NAME = AppIcon;
				ASSETCATALOG_COMPILER_GLOBAL_ACCENT_COLOR_NAME = AccentColor;
				CODE_SIGN_STYLE = Automatic;
				CURRENT_PROJECT_VERSION = 1;
				DEVELOPMENT_ASSET_PATHS = "\"HappyBirthday/Preview Content\"";
				DEVELOPMENT_TEAM = DCAZQ9Q5D9;
				ENABLE_PREVIEWS = YES;
				GENERATE_INFOPLIST_FILE = YES;
				INFOPLIST_KEY_LSApplicationCategoryType = "public.app-category.lifestyle";
				INFOPLIST_KEY_UIApplicationSceneManifest_Generation = YES;
				INFOPLIST_KEY_UIApplicationSupportsIndirectInputEvents = YES;
				INFOPLIST_KEY_UILaunchScreen_Generation = YES;
				INFOPLIST_KEY_UISupportedInterfaceOrientations_iPad = "UIInterfaceOrientationPortrait UIInterfaceOrientationPortraitUpsideDown UIInterfaceOrientationLandscapeLeft UIInterfaceOrientationLandscapeRight";
				INFOPLIST_KEY_UISupportedInterfaceOrientations_iPhone = "UIInterfaceOrientationPortrait UIInterfaceOrientationLandscapeLeft UIInterfaceOrientationLandscapeRight";
				LD_RUNPATH_SEARCH_PATHS = (
					"$(inherited)",
					"@executable_path/Frameworks",
				);
				MARKETING_VERSION = 1.0;
				PRODUCT_BUNDLE_IDENTIFIER = dev.terrisson.happybirthday.HappyBirthday;
				PRODUCT_NAME = "$(TARGET_NAME)";
				SWIFT_EMIT_LOC_STRINGS = YES;
				SWIFT_VERSION = 5.0;
				TARGETED_DEVICE_FAMILY = "1,2";
			};
			name = Release;
		};
		2782145F2BECA20000EE10E5 /* Debug */ = {
			isa = XCBuildConfiguration;
			buildSettings = {
				ALWAYS_EMBED_SWIFT_STANDARD_LIBRARIES = YES;
				BUNDLE_LOADER = "$(TEST_HOST)";
				CODE_SIGN_STYLE = Automatic;
				CURRENT_PROJECT_VERSION = 1;
				DEVELOPMENT_TEAM = DCAZQ9Q5D9;
				GENERATE_INFOPLIST_FILE = YES;
				IPHONEOS_DEPLOYMENT_TARGET = 16.1;
				MARKETING_VERSION = 1.0;
				PRODUCT_BUNDLE_IDENTIFIER = dev.terrisson.happybirthday.HappyBirthdayTests;
				PRODUCT_NAME = "$(TARGET_NAME)";
				SWIFT_EMIT_LOC_STRINGS = NO;
				SWIFT_VERSION = 5.0;
				TARGETED_DEVICE_FAMILY = "1,2";
				TEST_HOST = "$(BUILT_PRODUCTS_DIR)/HappyBirthday.app/$(BUNDLE_EXECUTABLE_FOLDER_PATH)/HappyBirthday";
			};
			name = Debug;
		};
		278214602BECA20000EE10E5 /* Release */ = {
			isa = XCBuildConfiguration;
			buildSettings = {
				ALWAYS_EMBED_SWIFT_STANDARD_LIBRARIES = YES;
				BUNDLE_LOADER = "$(TEST_HOST)";
				CODE_SIGN_STYLE = Automatic;
				CURRENT_PROJECT_VERSION = 1;
				DEVELOPMENT_TEAM = DCAZQ9Q5D9;
				GENERATE_INFOPLIST_FILE = YES;
				IPHONEOS_DEPLOYMENT_TARGET = 16.1;
				MARKETING_VERSION = 1.0;
				PRODUCT_BUNDLE_IDENTIFIER = dev.terrisson.happybirthday.HappyBirthdayTests;
				PRODUCT_NAME = "$(TARGET_NAME)";
				SWIFT_EMIT_LOC_STRINGS = NO;
				SWIFT_VERSION = 5.0;
				TARGETED_DEVICE_FAMILY = "1,2";
				TEST_HOST = "$(BUILT_PRODUCTS_DIR)/HappyBirthday.app/$(BUNDLE_EXECUTABLE_FOLDER_PATH)/HappyBirthday";
			};
			name = Release;
		};
		278214622BECA20000EE10E5 /* Debug */ = {
			isa = XCBuildConfiguration;
			buildSettings = {
				ALWAYS_EMBED_SWIFT_STANDARD_LIBRARIES = YES;
				CODE_SIGN_STYLE = Automatic;
				CURRENT_PROJECT_VERSION = 1;
				DEVELOPMENT_TEAM = DCAZQ9Q5D9;
				GENERATE_INFOPLIST_FILE = YES;
				MARKETING_VERSION = 1.0;
				PRODUCT_BUNDLE_IDENTIFIER = dev.terrisson.happybirthday.HappyBirthdayUITests;
				PRODUCT_NAME = "$(TARGET_NAME)";
				SWIFT_EMIT_LOC_STRINGS = NO;
				SWIFT_VERSION = 5.0;
				TARGETED_DEVICE_FAMILY = "1,2";
				TEST_TARGET_NAME = HappyBirthday;
			};
			name = Debug;
		};
		278214632BECA20000EE10E5 /* Release */ = {
			isa = XCBuildConfiguration;
			buildSettings = {
				ALWAYS_EMBED_SWIFT_STANDARD_LIBRARIES = YES;
				CODE_SIGN_STYLE = Automatic;
				CURRENT_PROJECT_VERSION = 1;
				DEVELOPMENT_TEAM = DCAZQ9Q5D9;
				GENERATE_INFOPLIST_FILE = YES;
				MARKETING_VERSION = 1.0;
				PRODUCT_BUNDLE_IDENTIFIER = dev.terrisson.happybirthday.HappyBirthdayUITests;
				PRODUCT_NAME = "$(TARGET_NAME)";
				SWIFT_EMIT_LOC_STRINGS = NO;
				SWIFT_VERSION = 5.0;
				TARGETED_DEVICE_FAMILY = "1,2";
				TEST_TARGET_NAME = HappyBirthday;
			};
			name = Release;
		};
/* End XCBuildConfiguration section */

/* Begin XCConfigurationList section */
		2782142C2BECA1FD00EE10E5 /* Build configuration list for PBXProject "HappyBirthday" */ = {
			isa = XCConfigurationList;
			buildConfigurations = (
				278214592BECA20000EE10E5 /* Debug */,
				2782145A2BECA20000EE10E5 /* Release */,
			);
			defaultConfigurationIsVisible = 0;
			defaultConfigurationName = Release;
		};
		2782145B2BECA20000EE10E5 /* Build configuration list for PBXNativeTarget "HappyBirthday" */ = {
			isa = XCConfigurationList;
			buildConfigurations = (
				2782145C2BECA20000EE10E5 /* Debug */,
				2782145D2BECA20000EE10E5 /* Release */,
			);
			defaultConfigurationIsVisible = 0;
			defaultConfigurationName = Release;
		};
		2782145E2BECA20000EE10E5 /* Build configuration list for PBXNativeTarget "HappyBirthdayTests" */ = {
			isa = XCConfigurationList;
			buildConfigurations = (
				2782145F2BECA20000EE10E5 /* Debug */,
				278214602BECA20000EE10E5 /* Release */,
			);
			defaultConfigurationIsVisible = 0;
			defaultConfigurationName = Release;
		};
		278214612BECA20000EE10E5 /* Build configuration list for PBXNativeTarget "HappyBirthdayUITests" */ = {
			isa = XCConfigurationList;
			buildConfigurations = (
				278214622BECA20000EE10E5 /* Debug */,
				278214632BECA20000EE10E5 /* Release */,
			);
			defaultConfigurationIsVisible = 0;
			defaultConfigurationName = Release;
		};
/* End XCConfigurationList section */

/* Begin XCVersionGroup section */
		2782143F2BECA1FF00EE10E5 /* HappyBirthday.xcdatamodeld */ = {
			isa = XCVersionGroup;
			children = (
				278214402BECA1FF00EE10E5 /* HappyBirthday.xcdatamodel */,
			);
			currentVersion = 278214402BECA1FF00EE10E5 /* HappyBirthday.xcdatamodel */;
			path = HappyBirthday.xcdatamodeld;
			sourceTree = "<group>";
			versionGroupType = wrapper.xcdatamodel;
		};
/* End XCVersionGroup section */
	};
	rootObject = 278214292BECA1FD00EE10E5 /* Project object */;
}
